
Microsoft Visual Studio Solution File, Format Version 12.00
# Visual Studio 15
VisualStudioVersion = 15.0.27130.2010
MinimumVisualStudioVersion = 10.0.40219.1
Project("{FAE04EC0-301F-11D3-BF4B-00C04F79EFBC}") = "ConsoleApiClient", "ConsoleApiClient\ConsoleApiClient.csproj", "{167AE615-A50F-483D-9E8E-B7730BDDA734}"
EndProject
Global
	GlobalSection(SolutionConfigurationPlatforms) = preSolution
		Debug|Any CPU = Debug|Any CPU
		Release|Any CPU = Release|Any CPU
	EndGlobalSection
	GlobalSection(ProjectConfigurationPlatforms) = postSolution
		{167AE615-A50F-483D-9E8E-B7730BDDA734}.Debug|Any CPU.ActiveCfg = Debug|Any CPU
		{167AE615-A50F-483D-9E8E-B7730BDDA734}.Debug|Any CPU.Build.0 = Debug|Any CPU
		{167AE615-A50F-483D-9E8E-B7730BDDA734}.Release|Any CPU.ActiveCfg = Release|Any CPU
		{167AE615-A50F-483D-9E8E-B7730BDDA734}.Release|Any CPU.Build.0 = Release|Any CPU
	EndGlobalSection
	GlobalSection(SolutionProperties) = preSolution
		HideSolutionNode = FALSE
	EndGlobalSection
	GlobalSection(ExtensibilityGlobals) = postSolution
		SolutionGuid = {66F44F70-5643-4D06-BAB4-489D1C2AC742}
	EndGlobalSection
EndGlobal
